// !$*UTF8*$!
{
	archiveVersion = 1;
	classes = {
	};
	objectVersion = 46;
	objects = {

/* Begin PBXBuildFile section */
		01126B9D164444A000362A2D /* cageStache.jpeg in Resources */ = {isa = PBXBuildFile; fileRef = 01126B9C164444A000362A2D /* cageStache.jpeg */; };
		01126BA01644453E00362A2D /* Green_Checkmark.jpeg in Resources */ = {isa = PBXBuildFile; fileRef = 01126B9F1644453E00362A2D /* Green_Checkmark.jpeg */; };
		01126BA3164445EC00362A2D /* StacheCollectionViewController.m in Sources */ = {isa = PBXBuildFile; fileRef = 01126BA2164445EC00362A2D /* StacheCollectionViewController.m */; };
		01126BB4164462FE00362A2D /* StachePickCell.m in Sources */ = {isa = PBXBuildFile; fileRef = 01126BB3164462FE00362A2D /* StachePickCell.m */; };
		01126BB616446B6800362A2D /* redx.jpg in Resources */ = {isa = PBXBuildFile; fileRef = 01126BB516446B6800362A2D /* redx.jpg */; };
		0168A605164472BE009375EC /* green-select-stash.png in Resources */ = {isa = PBXBuildFile; fileRef = 0168A604164472BE009375EC /* green-select-stash.png */; };
		0168A608164473A3009375EC /* red-no-stash.png in Resources */ = {isa = PBXBuildFile; fileRef = 0168A607164473A3009375EC /* red-no-stash.png */; };
		01FA861F16438C5B0060FE3A /* UIKit.framework in Frameworks */ = {isa = PBXBuildFile; fileRef = 01FA861E16438C5B0060FE3A /* UIKit.framework */; };
		01FA862116438C5B0060FE3A /* Foundation.framework in Frameworks */ = {isa = PBXBuildFile; fileRef = 01FA862016438C5B0060FE3A /* Foundation.framework */; };
		01FA862316438C5B0060FE3A /* CoreGraphics.framework in Frameworks */ = {isa = PBXBuildFile; fileRef = 01FA862216438C5B0060FE3A /* CoreGraphics.framework */; };
		01FA862916438C5B0060FE3A /* InfoPlist.strings in Resources */ = {isa = PBXBuildFile; fileRef = 01FA862716438C5B0060FE3A /* InfoPlist.strings */; };
		01FA862B16438C5B0060FE3A /* main.m in Sources */ = {isa = PBXBuildFile; fileRef = 01FA862A16438C5B0060FE3A /* main.m */; };
		01FA862F16438C5B0060FE3A /* AppDelegate.m in Sources */ = {isa = PBXBuildFile; fileRef = 01FA862E16438C5B0060FE3A /* AppDelegate.m */; };
		01FA863116438C5B0060FE3A /* Default.png in Resources */ = {isa = PBXBuildFile; fileRef = 01FA863016438C5B0060FE3A /* Default.png */; };
		01FA863316438C5B0060FE3A /* Default@2x.png in Resources */ = {isa = PBXBuildFile; fileRef = 01FA863216438C5B0060FE3A /* Default@2x.png */; };
		01FA863516438C5B0060FE3A /* Default-568h@2x.png in Resources */ = {isa = PBXBuildFile; fileRef = 01FA863416438C5B0060FE3A /* Default-568h@2x.png */; };
		01FA863816438C5B0060FE3A /* MainStoryboard_iPhone.storyboard in Resources */ = {isa = PBXBuildFile; fileRef = 01FA863616438C5B0060FE3A /* MainStoryboard_iPhone.storyboard */; };
		01FA863B16438C5B0060FE3A /* MainStoryboard_iPad.storyboard in Resources */ = {isa = PBXBuildFile; fileRef = 01FA863916438C5B0060FE3A /* MainStoryboard_iPad.storyboard */; };
		01FA863E16438C5B0060FE3A /* ViewController.m in Sources */ = {isa = PBXBuildFile; fileRef = 01FA863D16438C5B0060FE3A /* ViewController.m */; };
		01FA864616438C5B0060FE3A /* SenTestingKit.framework in Frameworks */ = {isa = PBXBuildFile; fileRef = 01FA864516438C5B0060FE3A /* SenTestingKit.framework */; };
		01FA864716438C5B0060FE3A /* UIKit.framework in Frameworks */ = {isa = PBXBuildFile; fileRef = 01FA861E16438C5B0060FE3A /* UIKit.framework */; };
		01FA864816438C5B0060FE3A /* Foundation.framework in Frameworks */ = {isa = PBXBuildFile; fileRef = 01FA862016438C5B0060FE3A /* Foundation.framework */; };
		01FA865016438C5B0060FE3A /* InfoPlist.strings in Resources */ = {isa = PBXBuildFile; fileRef = 01FA864E16438C5B0060FE3A /* InfoPlist.strings */; };
		01FA865316438C5B0060FE3A /* MustacheMonitorTests.m in Sources */ = {isa = PBXBuildFile; fileRef = 01FA865216438C5B0060FE3A /* MustacheMonitorTests.m */; };
		01FA8666164394200060FE3A /* camera_overlay.png in Resources */ = {isa = PBXBuildFile; fileRef = 01FA8665164394200060FE3A /* camera_overlay.png */; };
/* End PBXBuildFile section */

/* Begin PBXContainerItemProxy section */
		01FA864916438C5B0060FE3A /* PBXContainerItemProxy */ = {
			isa = PBXContainerItemProxy;
			containerPortal = 01FA861116438C5B0060FE3A /* Project object */;
			proxyType = 1;
			remoteGlobalIDString = 01FA861916438C5B0060FE3A;
			remoteInfo = MustacheMonitor;
		};
/* End PBXContainerItemProxy section */

/* Begin PBXFileReference section */
		01126B9C164444A000362A2D /* cageStache.jpeg */ = {isa = PBXFileReference; lastKnownFileType = image.jpeg; path = cageStache.jpeg; sourceTree = "<group>"; };
		01126B9F1644453E00362A2D /* Green_Checkmark.jpeg */ = {isa = PBXFileReference; lastKnownFileType = image.jpeg; path = Green_Checkmark.jpeg; sourceTree = "<group>"; };
		01126BA1164445EC00362A2D /* StacheCollectionViewController.h */ = {isa = PBXFileReference; fileEncoding = 4; lastKnownFileType = sourcecode.c.h; path = StacheCollectionViewController.h; sourceTree = "<group>"; };
		01126BA2164445EC00362A2D /* StacheCollectionViewController.m */ = {isa = PBXFileReference; fileEncoding = 4; lastKnownFileType = sourcecode.c.objc; path = StacheCollectionViewController.m; sourceTree = "<group>"; };
		01126BB2164462FD00362A2D /* StachePickCell.h */ = {isa = PBXFileReference; fileEncoding = 4; lastKnownFileType = sourcecode.c.h; path = StachePickCell.h; sourceTree = "<group>"; };
		01126BB3164462FE00362A2D /* StachePickCell.m */ = {isa = PBXFileReference; fileEncoding = 4; lastKnownFileType = sourcecode.c.objc; path = StachePickCell.m; sourceTree = "<group>"; };
		01126BB516446B6800362A2D /* redx.jpg */ = {isa = PBXFileReference; lastKnownFileType = image.jpeg; path = redx.jpg; sourceTree = "<group>"; };
		0168A604164472BE009375EC /* green-select-stash.png */ = {isa = PBXFileReference; lastKnownFileType = image.png; path = "green-select-stash.png"; sourceTree = "<group>"; };
		0168A607164473A3009375EC /* red-no-stash.png */ = {isa = PBXFileReference; lastKnownFileType = image.png; path = "red-no-stash.png"; sourceTree = "<group>"; };
		01FA861A16438C5B0060FE3A /* MustacheMonitor.app */ = {isa = PBXFileReference; explicitFileType = wrapper.application; includeInIndex = 0; path = MustacheMonitor.app; sourceTree = BUILT_PRODUCTS_DIR; };
		01FA861E16438C5B0060FE3A /* UIKit.framework */ = {isa = PBXFileReference; lastKnownFileType = wrapper.framework; name = UIKit.framework; path = System/Library/Frameworks/UIKit.framework; sourceTree = SDKROOT; };
		01FA862016438C5B0060FE3A /* Foundation.framework */ = {isa = PBXFileReference; lastKnownFileType = wrapper.framework; name = Foundation.framework; path = System/Library/Frameworks/Foundation.framework; sourceTree = SDKROOT; };
		01FA862216438C5B0060FE3A /* CoreGraphics.framework */ = {isa = PBXFileReference; lastKnownFileType = wrapper.framework; name = CoreGraphics.framework; path = System/Library/Frameworks/CoreGraphics.framework; sourceTree = SDKROOT; };
		01FA862616438C5B0060FE3A /* MustacheMonitor-Info.plist */ = {isa = PBXFileReference; lastKnownFileType = text.plist.xml; path = "MustacheMonitor-Info.plist"; sourceTree = "<group>"; };
		01FA862816438C5B0060FE3A /* en */ = {isa = PBXFileReference; lastKnownFileType = text.plist.strings; name = en; path = en.lproj/InfoPlist.strings; sourceTree = "<group>"; };
		01FA862A16438C5B0060FE3A /* main.m */ = {isa = PBXFileReference; lastKnownFileType = sourcecode.c.objc; path = main.m; sourceTree = "<group>"; };
		01FA862C16438C5B0060FE3A /* MustacheMonitor-Prefix.pch */ = {isa = PBXFileReference; lastKnownFileType = sourcecode.c.h; path = "MustacheMonitor-Prefix.pch"; sourceTree = "<group>"; };
		01FA862D16438C5B0060FE3A /* AppDelegate.h */ = {isa = PBXFileReference; lastKnownFileType = sourcecode.c.h; path = AppDelegate.h; sourceTree = "<group>"; };
		01FA862E16438C5B0060FE3A /* AppDelegate.m */ = {isa = PBXFileReference; lastKnownFileType = sourcecode.c.objc; path = AppDelegate.m; sourceTree = "<group>"; };
		01FA863016438C5B0060FE3A /* Default.png */ = {isa = PBXFileReference; lastKnownFileType = image.png; path = Default.png; sourceTree = "<group>"; };
		01FA863216438C5B0060FE3A /* Default@2x.png */ = {isa = PBXFileReference; lastKnownFileType = image.png; path = "Default@2x.png"; sourceTree = "<group>"; };
		01FA863416438C5B0060FE3A /* Default-568h@2x.png */ = {isa = PBXFileReference; lastKnownFileType = image.png; path = "Default-568h@2x.png"; sourceTree = "<group>"; };
		01FA863716438C5B0060FE3A /* en */ = {isa = PBXFileReference; lastKnownFileType = file.storyboard; name = en; path = en.lproj/MainStoryboard_iPhone.storyboard; sourceTree = "<group>"; };
		01FA863A16438C5B0060FE3A /* en */ = {isa = PBXFileReference; lastKnownFileType = file.storyboard; name = en; path = en.lproj/MainStoryboard_iPad.storyboard; sourceTree = "<group>"; };
		01FA863C16438C5B0060FE3A /* ViewController.h */ = {isa = PBXFileReference; lastKnownFileType = sourcecode.c.h; path = ViewController.h; sourceTree = "<group>"; };
		01FA863D16438C5B0060FE3A /* ViewController.m */ = {isa = PBXFileReference; lastKnownFileType = sourcecode.c.objc; path = ViewController.m; sourceTree = "<group>"; };
		01FA864416438C5B0060FE3A /* MustacheMonitorTests.octest */ = {isa = PBXFileReference; explicitFileType = wrapper.cfbundle; includeInIndex = 0; path = MustacheMonitorTests.octest; sourceTree = BUILT_PRODUCTS_DIR; };
		01FA864516438C5B0060FE3A /* SenTestingKit.framework */ = {isa = PBXFileReference; lastKnownFileType = wrapper.framework; name = SenTestingKit.framework; path = Library/Frameworks/SenTestingKit.framework; sourceTree = DEVELOPER_DIR; };
		01FA864D16438C5B0060FE3A /* MustacheMonitorTests-Info.plist */ = {isa = PBXFileReference; lastKnownFileType = text.plist.xml; path = "MustacheMonitorTests-Info.plist"; sourceTree = "<group>"; };
		01FA864F16438C5B0060FE3A /* en */ = {isa = PBXFileReference; lastKnownFileType = text.plist.strings; name = en; path = en.lproj/InfoPlist.strings; sourceTree = "<group>"; };
		01FA865116438C5B0060FE3A /* MustacheMonitorTests.h */ = {isa = PBXFileReference; lastKnownFileType = sourcecode.c.h; path = MustacheMonitorTests.h; sourceTree = "<group>"; };
		01FA865216438C5B0060FE3A /* MustacheMonitorTests.m */ = {isa = PBXFileReference; lastKnownFileType = sourcecode.c.objc; path = MustacheMonitorTests.m; sourceTree = "<group>"; };
		01FA865C164392450060FE3A /* CustomCamera.h */ = {isa = PBXFileReference; fileEncoding = 4; lastKnownFileType = sourcecode.c.h; name = CustomCamera.h; path = MustacheMonitor/CustomCamera.h; sourceTree = "<group>"; };
		01FA8665164394200060FE3A /* camera_overlay.png */ = {isa = PBXFileReference; lastKnownFileType = image.png; path = camera_overlay.png; sourceTree = "<group>"; };
/* End PBXFileReference section */

/* Begin PBXFrameworksBuildPhase section */
		01FA861716438C5B0060FE3A /* Frameworks */ = {
			isa = PBXFrameworksBuildPhase;
			buildActionMask = 2147483647;
			files = (
				01FA861F16438C5B0060FE3A /* UIKit.framework in Frameworks */,
				01FA862116438C5B0060FE3A /* Foundation.framework in Frameworks */,
				01FA862316438C5B0060FE3A /* CoreGraphics.framework in Frameworks */,
			);
			runOnlyForDeploymentPostprocessing = 0;
		};
		01FA864016438C5B0060FE3A /* Frameworks */ = {
			isa = PBXFrameworksBuildPhase;
			buildActionMask = 2147483647;
			files = (
				01FA864616438C5B0060FE3A /* SenTestingKit.framework in Frameworks */,
				01FA864716438C5B0060FE3A /* UIKit.framework in Frameworks */,
				01FA864816438C5B0060FE3A /* Foundation.framework in Frameworks */,
			);
			runOnlyForDeploymentPostprocessing = 0;
		};
/* End PBXFrameworksBuildPhase section */

/* Begin PBXGroup section */
		01126BB11644625600362A2D /* Images */ = {
			isa = PBXGroup;
			children = (
				01126B9C164444A000362A2D /* cageStache.jpeg */,
				0168A607164473A3009375EC /* red-no-stash.png */,
				0168A604164472BE009375EC /* green-select-stash.png */,
				01126BB516446B6800362A2D /* redx.jpg */,
				01FA8665164394200060FE3A /* camera_overlay.png */,
				01126B9F1644453E00362A2D /* Green_Checkmark.jpeg */,
			);
			name = Images;
			sourceTree = "<group>";
		};
		01FA860F16438C5B0060FE3A = {
			isa = PBXGroup;
			children = (
				01FA862416438C5B0060FE3A /* MustacheMonitor */,
				01FA864B16438C5B0060FE3A /* MustacheMonitorTests */,
				01FA861D16438C5B0060FE3A /* Frameworks */,
				01FA861B16438C5B0060FE3A /* Products */,
				01FA865C164392450060FE3A /* CustomCamera.h */,
			);
			sourceTree = "<group>";
		};
		01FA861B16438C5B0060FE3A /* Products */ = {
			isa = PBXGroup;
			children = (
				01FA861A16438C5B0060FE3A /* MustacheMonitor.app */,
				01FA864416438C5B0060FE3A /* MustacheMonitorTests.octest */,
			);
			name = Products;
			sourceTree = "<group>";
		};
		01FA861D16438C5B0060FE3A /* Frameworks */ = {
			isa = PBXGroup;
			children = (
				01FA861E16438C5B0060FE3A /* UIKit.framework */,
				01FA862016438C5B0060FE3A /* Foundation.framework */,
				01FA862216438C5B0060FE3A /* CoreGraphics.framework */,
				01FA864516438C5B0060FE3A /* SenTestingKit.framework */,
			);
			name = Frameworks;
			sourceTree = "<group>";
		};
		01FA862416438C5B0060FE3A /* MustacheMonitor */ = {
			isa = PBXGroup;
			children = (
				01126BB11644625600362A2D /* Images */,
				01FA863916438C5B0060FE3A /* MainStoryboard_iPad.storyboard */,
				01FA863616438C5B0060FE3A /* MainStoryboard_iPhone.storyboard */,
				01FA862D16438C5B0060FE3A /* AppDelegate.h */,
				01FA862E16438C5B0060FE3A /* AppDelegate.m */,
				01126BA1164445EC00362A2D /* StacheCollectionViewController.h */,
				01126BA2164445EC00362A2D /* StacheCollectionViewController.m */,
				01126BB2164462FD00362A2D /* StachePickCell.h */,
				01126BB3164462FE00362A2D /* StachePickCell.m */,
				01FA863C16438C5B0060FE3A /* ViewController.h */,
				01FA863D16438C5B0060FE3A /* ViewController.m */,
				01FA862516438C5B0060FE3A /* Supporting Files */,
			);
			path = MustacheMonitor;
			sourceTree = "<group>";
		};
		01FA862516438C5B0060FE3A /* Supporting Files */ = {
			isa = PBXGroup;
			children = (
				01FA862616438C5B0060FE3A /* MustacheMonitor-Info.plist */,
				01FA862716438C5B0060FE3A /* InfoPlist.strings */,
				01FA862A16438C5B0060FE3A /* main.m */,
				01FA862C16438C5B0060FE3A /* MustacheMonitor-Prefix.pch */,
				01FA863016438C5B0060FE3A /* Default.png */,
				01FA863216438C5B0060FE3A /* Default@2x.png */,
				01FA863416438C5B0060FE3A /* Default-568h@2x.png */,
			);
			name = "Supporting Files";
			sourceTree = "<group>";
		};
		01FA864B16438C5B0060FE3A /* MustacheMonitorTests */ = {
			isa = PBXGroup;
			children = (
				01FA865116438C5B0060FE3A /* MustacheMonitorTests.h */,
				01FA865216438C5B0060FE3A /* MustacheMonitorTests.m */,
				01FA864C16438C5B0060FE3A /* Supporting Files */,
			);
			path = MustacheMonitorTests;
			sourceTree = "<group>";
		};
		01FA864C16438C5B0060FE3A /* Supporting Files */ = {
			isa = PBXGroup;
			children = (
				01FA864D16438C5B0060FE3A /* MustacheMonitorTests-Info.plist */,
				01FA864E16438C5B0060FE3A /* InfoPlist.strings */,
			);
			name = "Supporting Files";
			sourceTree = "<group>";
		};
/* End PBXGroup section */

/* Begin PBXNativeTarget section */
		01FA861916438C5B0060FE3A /* MustacheMonitor */ = {
			isa = PBXNativeTarget;
			buildConfigurationList = 01FA865616438C5B0060FE3A /* Build configuration list for PBXNativeTarget "MustacheMonitor" */;
			buildPhases = (
				01FA861616438C5B0060FE3A /* Sources */,
				01FA861716438C5B0060FE3A /* Frameworks */,
				01FA861816438C5B0060FE3A /* Resources */,
			);
			buildRules = (
			);
			dependencies = (
			);
			name = MustacheMonitor;
			productName = MustacheMonitor;
			productReference = 01FA861A16438C5B0060FE3A /* MustacheMonitor.app */;
			productType = "com.apple.product-type.application";
		};
		01FA864316438C5B0060FE3A /* MustacheMonitorTests */ = {
			isa = PBXNativeTarget;
			buildConfigurationList = 01FA865916438C5B0060FE3A /* Build configuration list for PBXNativeTarget "MustacheMonitorTests" */;
			buildPhases = (
				01FA863F16438C5B0060FE3A /* Sources */,
				01FA864016438C5B0060FE3A /* Frameworks */,
				01FA864116438C5B0060FE3A /* Resources */,
				01FA864216438C5B0060FE3A /* ShellScript */,
			);
			buildRules = (
			);
			dependencies = (
				01FA864A16438C5B0060FE3A /* PBXTargetDependency */,
			);
			name = MustacheMonitorTests;
			productName = MustacheMonitorTests;
			productReference = 01FA864416438C5B0060FE3A /* MustacheMonitorTests.octest */;
			productType = "com.apple.product-type.bundle";
		};
/* End PBXNativeTarget section */

/* Begin PBXProject section */
		01FA861116438C5B0060FE3A /* Project object */ = {
			isa = PBXProject;
			attributes = {
				LastUpgradeCheck = 0450;
				ORGANIZATIONNAME = "Nick Walter";
			};
			buildConfigurationList = 01FA861416438C5B0060FE3A /* Build configuration list for PBXProject "MustacheMonitor" */;
			compatibilityVersion = "Xcode 3.2";
			developmentRegion = English;
			hasScannedForEncodings = 0;
			knownRegions = (
				en,
			);
			mainGroup = 01FA860F16438C5B0060FE3A;
			productRefGroup = 01FA861B16438C5B0060FE3A /* Products */;
			projectDirPath = "";
			projectRoot = "";
			targets = (
				01FA861916438C5B0060FE3A /* MustacheMonitor */,
				01FA864316438C5B0060FE3A /* MustacheMonitorTests */,
			);
		};
/* End PBXProject section */

/* Begin PBXResourcesBuildPhase section */
		01FA861816438C5B0060FE3A /* Resources */ = {
			isa = PBXResourcesBuildPhase;
			buildActionMask = 2147483647;
			files = (
				01FA862916438C5B0060FE3A /* InfoPlist.strings in Resources */,
				01FA863116438C5B0060FE3A /* Default.png in Resources */,
				01FA863316438C5B0060FE3A /* Default@2x.png in Resources */,
				01FA863516438C5B0060FE3A /* Default-568h@2x.png in Resources */,
				01FA863816438C5B0060FE3A /* MainStoryboard_iPhone.storyboard in Resources */,
				01FA863B16438C5B0060FE3A /* MainStoryboard_iPad.storyboard in Resources */,
				01FA8666164394200060FE3A /* camera_overlay.png in Resources */,
				01126B9D164444A000362A2D /* cageStache.jpeg in Resources */,
				01126BA01644453E00362A2D /* Green_Checkmark.jpeg in Resources */,
				01126BB616446B6800362A2D /* redx.jpg in Resources */,
				0168A605164472BE009375EC /* green-select-stash.png in Resources */,
				0168A608164473A3009375EC /* red-no-stash.png in Resources */,
			);
			runOnlyForDeploymentPostprocessing = 0;
		};
		01FA864116438C5B0060FE3A /* Resources */ = {
			isa = PBXResourcesBuildPhase;
			buildActionMask = 2147483647;
			files = (
				01FA865016438C5B0060FE3A /* InfoPlist.strings in Resources */,
			);
			runOnlyForDeploymentPostprocessing = 0;
		};
/* End PBXResourcesBuildPhase section */

/* Begin PBXShellScriptBuildPhase section */
		01FA864216438C5B0060FE3A /* ShellScript */ = {
			isa = PBXShellScriptBuildPhase;
			buildActionMask = 2147483647;
			files = (
			);
			inputPaths = (
			);
			outputPaths = (
			);
			runOnlyForDeploymentPostprocessing = 0;
			shellPath = /bin/sh;
			shellScript = "# Run the unit tests in this test bundle.\n\"${SYSTEM_DEVELOPER_DIR}/Tools/RunUnitTests\"\n";
		};
/* End PBXShellScriptBuildPhase section */

/* Begin PBXSourcesBuildPhase section */
		01FA861616438C5B0060FE3A /* Sources */ = {
			isa = PBXSourcesBuildPhase;
			buildActionMask = 2147483647;
			files = (
				01FA862B16438C5B0060FE3A /* main.m in Sources */,
				01FA862F16438C5B0060FE3A /* AppDelegate.m in Sources */,
				01FA863E16438C5B0060FE3A /* ViewController.m in Sources */,
				01126BA3164445EC00362A2D /* StacheCollectionViewController.m in Sources */,
				01126BB4164462FE00362A2D /* StachePickCell.m in Sources */,
			);
			runOnlyForDeploymentPostprocessing = 0;
		};
		01FA863F16438C5B0060FE3A /* Sources */ = {
			isa = PBXSourcesBuildPhase;
			buildActionMask = 2147483647;
			files = (
				01FA865316438C5B0060FE3A /* MustacheMonitorTests.m in Sources */,
			);
			runOnlyForDeploymentPostprocessing = 0;
		};
/* End PBXSourcesBuildPhase section */

/* Begin PBXTargetDependency section */
		01FA864A16438C5B0060FE3A /* PBXTargetDependency */ = {
			isa = PBXTargetDependency;
			target = 01FA861916438C5B0060FE3A /* MustacheMonitor */;
			targetProxy = 01FA864916438C5B0060FE3A /* PBXContainerItemProxy */;
		};
/* End PBXTargetDependency section */

/* Begin PBXVariantGroup section */
		01FA862716438C5B0060FE3A /* InfoPlist.strings */ = {
			isa = PBXVariantGroup;
			children = (
				01FA862816438C5B0060FE3A /* en */,
			);
			name = InfoPlist.strings;
			sourceTree = "<group>";
		};
		01FA863616438C5B0060FE3A /* MainStoryboard_iPhone.storyboard */ = {
			isa = PBXVariantGroup;
			children = (
				01FA863716438C5B0060FE3A /* en */,
			);
			name = MainStoryboard_iPhone.storyboard;
			sourceTree = "<group>";
		};
		01FA863916438C5B0060FE3A /* MainStoryboard_iPad.storyboard */ = {
			isa = PBXVariantGroup;
			children = (
				01FA863A16438C5B0060FE3A /* en */,
			);
			name = MainStoryboard_iPad.storyboard;
			sourceTree = "<group>";
		};
		01FA864E16438C5B0060FE3A /* InfoPlist.strings */ = {
			isa = PBXVariantGroup;
			children = (
				01FA864F16438C5B0060FE3A /* en */,
			);
			name = InfoPlist.strings;
			sourceTree = "<group>";
		};
/* End PBXVariantGroup section */

/* Begin XCBuildConfiguration section */
		01FA865416438C5B0060FE3A /* Debug */ = {
			isa = XCBuildConfiguration;
			buildSettings = {
				ALWAYS_SEARCH_USER_PATHS = NO;
				CLANG_CXX_LANGUAGE_STANDARD = "gnu++0x";
				CLANG_CXX_LIBRARY = "libc++";
				CLANG_ENABLE_OBJC_ARC = YES;
				CLANG_WARN_EMPTY_BODY = YES;
				CLANG_WARN__DUPLICATE_METHOD_MATCH = YES;
				"CODE_SIGN_IDENTITY[sdk=iphoneos*]" = "iPhone Developer";
				COPY_PHASE_STRIP = NO;
				GCC_C_LANGUAGE_STANDARD = gnu99;
				GCC_DYNAMIC_NO_PIC = NO;
				GCC_OPTIMIZATION_LEVEL = 0;
				GCC_PREPROCESSOR_DEFINITIONS = (
					"DEBUG=1",
					"$(inherited)",
				);
				GCC_SYMBOLS_PRIVATE_EXTERN = NO;
				GCC_WARN_ABOUT_RETURN_TYPE = YES;
				GCC_WARN_UNINITIALIZED_AUTOS = YES;
				GCC_WARN_UNUSED_VARIABLE = YES;
				IPHONEOS_DEPLOYMENT_TARGET = 6.0;
				ONLY_ACTIVE_ARCH = YES;
				SDKROOT = iphoneos;
				TARGETED_DEVICE_FAMILY = "1,2";
			};
			name = Debug;
		};
		01FA865516438C5B0060FE3A /* Release */ = {
			isa = XCBuildConfiguration;
			buildSettings = {
				ALWAYS_SEARCH_USER_PATHS = NO;
				CLANG_CXX_LANGUAGE_STANDARD = "gnu++0x";
				CLANG_CXX_LIBRARY = "libc++";
				CLANG_ENABLE_OBJC_ARC = YES;
				CLANG_WARN_EMPTY_BODY = YES;
				CLANG_WARN__DUPLICATE_METHOD_MATCH = YES;
				"CODE_SIGN_IDENTITY[sdk=iphoneos*]" = "iPhone Developer";
				COPY_PHASE_STRIP = YES;
				GCC_C_LANGUAGE_STANDARD = gnu99;
				GCC_WARN_ABOUT_RETURN_TYPE = YES;
				GCC_WARN_UNINITIALIZED_AUTOS = YES;
				GCC_WARN_UNUSED_VARIABLE = YES;
				IPHONEOS_DEPLOYMENT_TARGET = 6.0;
				OTHER_CFLAGS = "-DNS_BLOCK_ASSERTIONS=1";
				SDKROOT = iphoneos;
				TARGETED_DEVICE_FAMILY = "1,2";
				VALIDATE_PRODUCT = YES;
			};
			name = Release;
		};
		01FA865716438C5B0060FE3A /* Debug */ = {
			isa = XCBuildConfiguration;
			buildSettings = {
				GCC_PRECOMPILE_PREFIX_HEADER = YES;
				GCC_PREFIX_HEADER = "MustacheMonitor/MustacheMonitor-Prefix.pch";
				INFOPLIST_FILE = "MustacheMonitor/MustacheMonitor-Info.plist";
				PRODUCT_NAME = "$(TARGET_NAME)";
				WRAPPER_EXTENSION = app;
			};
			name = Debug;
		};
		01FA865816438C5B0060FE3A /* Release */ = {
			isa = XCBuildConfiguration;
			buildSettings = {
				GCC_PRECOMPILE_PREFIX_HEADER = YES;
				GCC_PREFIX_HEADER = "MustacheMonitor/MustacheMonitor-Prefix.pch";
				INFOPLIST_FILE = "MustacheMonitor/MustacheMonitor-Info.plist";
				PRODUCT_NAME = "$(TARGET_NAME)";
				WRAPPER_EXTENSION = app;
			};
			name = Release;
		};
		01FA865A16438C5B0060FE3A /* Debug */ = {
			isa = XCBuildConfiguration;
			buildSettings = {
				BUNDLE_LOADER = "$(BUILT_PRODUCTS_DIR)/MustacheMonitor.app/MustacheMonitor";
				FRAMEWORK_SEARCH_PATHS = (
					"\"$(SDKROOT)/Developer/Library/Frameworks\"",
					"\"$(DEVELOPER_LIBRARY_DIR)/Frameworks\"",
				);
				GCC_PRECOMPILE_PREFIX_HEADER = YES;
				GCC_PREFIX_HEADER = "MustacheMonitor/MustacheMonitor-Prefix.pch";
				INFOPLIST_FILE = "MustacheMonitorTests/MustacheMonitorTests-Info.plist";
				PRODUCT_NAME = "$(TARGET_NAME)";
				TEST_HOST = "$(BUNDLE_LOADER)";
				WRAPPER_EXTENSION = octest;
			};
			name = Debug;
		};
		01FA865B16438C5B0060FE3A /* Release */ = {
			isa = XCBuildConfiguration;
			buildSettings = {
				BUNDLE_LOADER = "$(BUILT_PRODUCTS_DIR)/MustacheMonitor.app/MustacheMonitor";
				FRAMEWORK_SEARCH_PATHS = (
					"\"$(SDKROOT)/Developer/Library/Frameworks\"",
					"\"$(DEVELOPER_LIBRARY_DIR)/Frameworks\"",
				);
				GCC_PRECOMPILE_PREFIX_HEADER = YES;
				GCC_PREFIX_HEADER = "MustacheMonitor/MustacheMonitor-Prefix.pch";
				INFOPLIST_FILE = "MustacheMonitorTests/MustacheMonitorTests-Info.plist";
				PRODUCT_NAME = "$(TARGET_NAME)";
				TEST_HOST = "$(BUNDLE_LOADER)";
				WRAPPER_EXTENSION = octest;
			};
			name = Release;
		};
/* End XCBuildConfiguration section */

/* Begin XCConfigurationList section */
		01FA861416438C5B0060FE3A /* Build configuration list for PBXProject "MustacheMonitor" */ = {
			isa = XCConfigurationList;
			buildConfigurations = (
				01FA865416438C5B0060FE3A /* Debug */,
				01FA865516438C5B0060FE3A /* Release */,
			);
			defaultConfigurationIsVisible = 0;
			defaultConfigurationName = Release;
		};
		01FA865616438C5B0060FE3A /* Build configuration list for PBXNativeTarget "MustacheMonitor" */ = {
			isa = XCConfigurationList;
			buildConfigurations = (
				01FA865716438C5B0060FE3A /* Debug */,
				01FA865816438C5B0060FE3A /* Release */,
			);
			defaultConfigurationIsVisible = 0;
			defaultConfigurationName = Release;
		};
		01FA865916438C5B0060FE3A /* Build configuration list for PBXNativeTarget "MustacheMonitorTests" */ = {
			isa = XCConfigurationList;
			buildConfigurations = (
				01FA865A16438C5B0060FE3A /* Debug */,
				01FA865B16438C5B0060FE3A /* Release */,
			);
			defaultConfigurationIsVisible = 0;
			defaultConfigurationName = Release;
		};
/* End XCConfigurationList section */
	};
	rootObject = 01FA861116438C5B0060FE3A /* Project object */;
}
